
Microsoft Visual Studio Solution File, Format Version 12.00
# Visual Studio 15
VisualStudioVersion = 15.0.28307.329
MinimumVisualStudioVersion = 10.0.40219.1
Project("{FAE04EC0-301F-11D3-BF4B-00C04F79EFBC}") = "PostCodeJsonTest", "PostCodeJsonTest\PostCodeJsonTest.csproj", "{78A3E89F-8C77-48FF-B77B-84A6665882DB}"
EndProject
Global
	GlobalSection(SolutionConfigurationPlatforms) = preSolution
		Debug|Any CPU = Debug|Any CPU
		Release|Any CPU = Release|Any CPU
	EndGlobalSection
	GlobalSection(ProjectConfigurationPlatforms) = postSolution
		{78A3E89F-8C77-48FF-B77B-84A6665882DB}.Debug|Any CPU.ActiveCfg = Debug|Any CPU
		{78A3E89F-8C77-48FF-B77B-84A6665882DB}.Debug|Any CPU.Build.0 = Debug|Any CPU
		{78A3E89F-8C77-48FF-B77B-84A6665882DB}.Release|Any CPU.ActiveCfg = Release|Any CPU
		{78A3E89F-8C77-48FF-B77B-84A6665882DB}.Release|Any CPU.Build.0 = Release|Any CPU
	EndGlobalSection
	GlobalSection(SolutionProperties) = preSolution
		HideSolutionNode = FALSE
	EndGlobalSection
	GlobalSection(ExtensibilityGlobals) = postSolution
		SolutionGuid = {EE8D10D6-6169-4C9A-BD84-95588A112578}
	EndGlobalSection
EndGlobal
